
Microsoft Visual Studio Solution File, Format Version 12.00
# Visual Studio Version 17
VisualStudioVersion = 17.6.33712.159
MinimumVisualStudioVersion = 10.0.40219.1
Project("{FAE04EC0-301F-11D3-BF4B-00C04F79EFBC}") = "CSharpReviewApp", "CSharpReviewApp.csproj", "{2C81DF9F-8224-4B0B-B371-33156AB093EC}"
EndProject
Global
	GlobalSection(SolutionConfigurationPlatforms) = preSolution
		Debug|Any CPU = Debug|Any CPU
		Release|Any CPU = Release|Any CPU
	EndGlobalSection
	GlobalSection(ProjectConfigurationPlatforms) = postSolution
		{2C81DF9F-8224-4B0B-B371-33156AB093EC}.Debug|Any CPU.ActiveCfg = Debug|Any CPU
		{2C81DF9F-8224-4B0B-B371-33156AB093EC}.Debug|Any CPU.Build.0 = Debug|Any CPU
		{2C81DF9F-8224-4B0B-B371-33156AB093EC}.Release|Any CPU.ActiveCfg = Release|Any CPU
		{2C81DF9F-8224-4B0B-B371-33156AB093EC}.Release|Any CPU.Build.0 = Release|Any CPU
	EndGlobalSection
	GlobalSection(SolutionProperties) = preSolution
		HideSolutionNode = FALSE
	EndGlobalSection
	GlobalSection(ExtensibilityGlobals) = postSolution
		SolutionGuid = {B57E382A-9D7D-439D-9B7E-A46E265262C7}
	EndGlobalSection
EndGlobal
